# THIS IS AN AUTOGENERATED FILE. DO NOT EDIT THIS FILE DIRECTLY.
# yarn lockfile v1


"@sweetalert2/theme-bootstrap-4@^5.0.8":
  version "5.0.8"
  resolved "https://registry.yarnpkg.com/@sweetalert2/theme-bootstrap-4/-/theme-bootstrap-4-5.0.8.tgz#69822abe45f762a6ddac87dc7d5543aefcd769d8"
  integrity sha512-w2j2VA1fj0+fa7u4W9GS0A31nr7P8s/AOZ9TaqFsSP+pt72JzfedteV497I81lFnGYfr3nwpXQKJfrfuW7ga0A==

sweetalert2@^11.2.1:
  version "11.2.1"
  resolved "https://registry.yarnpkg.com/sweetalert2/-/sweetalert2-11.2.1.tgz#40be6dfe91359c1133d55bf12fa2dbc0f8d6a53f"
  integrity sha512-6O+Ftl3yCg58pUqMiEn58+p7bQd7h7YrAM1diSaTJcRPO23bcfVd2DI2hW3246XVlTgL+EauV76va6VN5LrfIw==
